{
  "name": "app",
  "lockfileVersion": 2,
  "requires": true,
  "packages": {
    "": {
      "dependencies": {
        "create-next-app": "^13.3.4"
      }
    },
    "node_modules/create-next-app": {
      "version": "13.3.4",
      "resolved": "https://registry.npmjs.org/create-next-app/-/create-next-app-13.3.4.tgz",
      "integrity": "sha512-4imE1S9eEAi8n3Y1eDELn0n10bYsoY/OeXo7Uf9IQ9PPvbpWnngc15+rBRHvg/dL2sf+98/9p4XRBEEZjSwULg==",
      "bin": {
        "create-next-app": "dist/index.js"
      },
      "engines": {
        "node": ">=16.8.0"
      }
    }
  },
  "dependencies": {
    "create-next-app": {
      "version": "13.3.4",
      "resolved": "https://registry.npmjs.org/create-next-app/-/create-next-app-13.3.4.tgz",
      "integrity": "sha512-4imE1S9eEAi8n3Y1eDELn0n10bYsoY/OeXo7Uf9IQ9PPvbpWnngc15+rBRHvg/dL2sf+98/9p4XRBEEZjSwULg=="
    }
  }
}
